
Microsoft Visual Studio Solution File, Format Version 12.00
# Visual Studio Version 16
VisualStudioVersion = 16.0.31129.286
MinimumVisualStudioVersion = 10.0.40219.1
Project("{888888A0-9F3D-457C-B088-3A5042F75D52}") = "pood", "pood\pood.pyproj", "{643F7FCD-4009-4545-BD90-F6EDC9B47A76}"
EndProject
Global
	GlobalSection(SolutionConfigurationPlatforms) = preSolution
		Debug|Any CPU = Debug|Any CPU
		Release|Any CPU = Release|Any CPU
	EndGlobalSection
	GlobalSection(ProjectConfigurationPlatforms) = postSolution
		{643F7FCD-4009-4545-BD90-F6EDC9B47A76}.Debug|Any CPU.ActiveCfg = Debug|Any CPU
		{643F7FCD-4009-4545-BD90-F6EDC9B47A76}.Release|Any CPU.ActiveCfg = Release|Any CPU
	EndGlobalSection
	GlobalSection(SolutionProperties) = preSolution
		HideSolutionNode = FALSE
	EndGlobalSection
	GlobalSection(ExtensibilityGlobals) = postSolution
		SolutionGuid = {3BBD2098-808D-4CEF-B831-EFEB5E4E5F9B}
	EndGlobalSection
EndGlobal
